
Microsoft Visual Studio Solution File, Format Version 12.00
# Visual Studio Version 17
VisualStudioVersion = 17.9.34728.123
MinimumVisualStudioVersion = 10.0.40219.1
Project("{FAE04EC0-301F-11D3-BF4B-00C04F79EFBC}") = "Desafio", "Desafio\Desafio.csproj", "{A00FEDFB-B415-425C-A140-631B7794675C}"
EndProject
Global
	GlobalSection(SolutionConfigurationPlatforms) = preSolution
		Debug|Any CPU = Debug|Any CPU
		Release|Any CPU = Release|Any CPU
	EndGlobalSection
	GlobalSection(ProjectConfigurationPlatforms) = postSolution
		{A00FEDFB-B415-425C-A140-631B7794675C}.Debug|Any CPU.ActiveCfg = Debug|Any CPU
		{A00FEDFB-B415-425C-A140-631B7794675C}.Debug|Any CPU.Build.0 = Debug|Any CPU
		{A00FEDFB-B415-425C-A140-631B7794675C}.Release|Any CPU.ActiveCfg = Release|Any CPU
		{A00FEDFB-B415-425C-A140-631B7794675C}.Release|Any CPU.Build.0 = Release|Any CPU
	EndGlobalSection
	GlobalSection(SolutionProperties) = preSolution
		HideSolutionNode = FALSE
	EndGlobalSection
	GlobalSection(ExtensibilityGlobals) = postSolution
		SolutionGuid = {5167AD3D-4B0F-4D21-A03B-477963AD6BE9}
	EndGlobalSection
EndGlobal
